
Microsoft Visual Studio Solution File, Format Version 12.00
# Visual Studio Version 17
VisualStudioVersion = 17.9.34902.65
MinimumVisualStudioVersion = 10.0.40219.1
Project("{FAE04EC0-301F-11D3-BF4B-00C04F79EFBC}") = "Webapp", "Webapp\Webapp.csproj", "{8E01F999-F9E8-4142-AFEB-EA0876DE451C}"
EndProject
Global
	GlobalSection(SolutionConfigurationPlatforms) = preSolution
		Debug|Any CPU = Debug|Any CPU
		Release|Any CPU = Release|Any CPU
	EndGlobalSection
	GlobalSection(ProjectConfigurationPlatforms) = postSolution
		{8E01F999-F9E8-4142-AFEB-EA0876DE451C}.Debug|Any CPU.ActiveCfg = Debug|Any CPU
		{8E01F999-F9E8-4142-AFEB-EA0876DE451C}.Debug|Any CPU.Build.0 = Debug|Any CPU
		{8E01F999-F9E8-4142-AFEB-EA0876DE451C}.Release|Any CPU.ActiveCfg = Release|Any CPU
		{8E01F999-F9E8-4142-AFEB-EA0876DE451C}.Release|Any CPU.Build.0 = Release|Any CPU
	EndGlobalSection
	GlobalSection(SolutionProperties) = preSolution
		HideSolutionNode = FALSE
	EndGlobalSection
	GlobalSection(ExtensibilityGlobals) = postSolution
		SolutionGuid = {FD6DF2B4-C9B0-4E75-A2E8-0E99B2A4BCFB}
	EndGlobalSection
EndGlobal
